
Microsoft Visual Studio Solution File, Format Version 12.00
Project("{FAE04EC0-301F-11D3-BF4B-00C04F79EFBC}") = "RUI", "RUI\RUI.csproj", "{14E996FE-7F8B-4C96-8B84-F50FE92357AA}"
EndProject
Global
	GlobalSection(SolutionConfigurationPlatforms) = preSolution
		Debug|Any CPU = Debug|Any CPU
		Release|Any CPU = Release|Any CPU
	EndGlobalSection
	GlobalSection(ProjectConfigurationPlatforms) = postSolution
		{14E996FE-7F8B-4C96-8B84-F50FE92357AA}.Debug|Any CPU.ActiveCfg = Debug|Any CPU
		{14E996FE-7F8B-4C96-8B84-F50FE92357AA}.Debug|Any CPU.Build.0 = Debug|Any CPU
		{14E996FE-7F8B-4C96-8B84-F50FE92357AA}.Release|Any CPU.ActiveCfg = Release|Any CPU
		{14E996FE-7F8B-4C96-8B84-F50FE92357AA}.Release|Any CPU.Build.0 = Release|Any CPU
	EndGlobalSection
EndGlobal
